PODS:
  - Alamofire (5.0.0-beta.7)

DEPENDENCIES:
  - Alamofire (~> 5.0.0-beta.5)

SPEC REPOS:
  https://github.com/cocoapods/specs.git:
    - Alamofire

SPEC CHECKSUMS:
  Alamofire: bd07938ceecad59d2492aeecb1f785a8f2721160

PODFILE CHECKSUM: d264be796c2d74425f9533ca3e3597380a7f44c2

COCOAPODS: 1.7.5
